// !$*UTF8*$!
{
	archiveVersion = 1;
	classes = {
	};
	objectVersion = 46;
	objects = {

/* Begin PBXBuildFile section */
		06F614C9FC3EBEB4D21812BF /* libPods-DMHY.a in Frameworks */ = {isa = PBXBuildFile; fileRef = 48B5EB0C999E9F02A73B8D60 /* libPods-DMHY.a */; };
		F41697B81C8D4D1C002521A4 /* WindowController.m in Sources */ = {isa = PBXBuildFile; fileRef = F41697B71C8D4D1C002521A4 /* WindowController.m */; };
		F4258FA11CA5808500B4DF8D /* FileManagerViewController.m in Sources */ = {isa = PBXBuildFile; fileRef = F4258FA01CA5808500B4DF8D /* FileManagerViewController.m */; };
		F4258FA41CA580D700B4DF8D /* SavedDataViewController.m in Sources */ = {isa = PBXBuildFile; fileRef = F4258FA31CA580D700B4DF8D /* SavedDataViewController.m */; };
		F42DCC111BB180A4004EC373 /* DMHYCoreDataStackManager.m in Sources */ = {isa = PBXBuildFile; fileRef = F42DCC101BB180A4004EC373 /* DMHYCoreDataStackManager.m */; };
		F42DCC441BB26DD9004EC373 /* DMHYTorrent+CoreDataProperties.m in Sources */ = {isa = PBXBuildFile; fileRef = F42DCC3D1BB26DD9004EC373 /* DMHYTorrent+CoreDataProperties.m */; };
		F42DCC451BB26DD9004EC373 /* DMHYTorrent.m in Sources */ = {isa = PBXBuildFile; fileRef = F42DCC3F1BB26DD9004EC373 /* DMHYTorrent.m */; };
		F42DCC461BB26DD9004EC373 /* DMHYKeyword+CoreDataProperties.m in Sources */ = {isa = PBXBuildFile; fileRef = F42DCC411BB26DD9004EC373 /* DMHYKeyword+CoreDataProperties.m */; };
		F42DCC471BB26DD9004EC373 /* DMHYKeyword.m in Sources */ = {isa = PBXBuildFile; fileRef = F42DCC431BB26DD9004EC373 /* DMHYKeyword.m */; };
		F43E8C221CA37E6B0068AF92 /* DMHYDownloader.m in Sources */ = {isa = PBXBuildFile; fileRef = F43E8C211CA37E6B0068AF92 /* DMHYDownloader.m */; };
		F43E8C3B1CA3AADA0068AF92 /* ViewerPreferences.tiff in Resources */ = {isa = PBXBuildFile; fileRef = F43E8C3A1CA3AADA0068AF92 /* ViewerPreferences.tiff */; };
		F44C9F271C9E7624007E1CAA /* Bangumi.m in Sources */ = {isa = PBXBuildFile; fileRef = F44C9F261C9E7624007E1CAA /* Bangumi.m */; };
		F4592BBF1CA16BEA00981DDF /* SitePreferenceController.m in Sources */ = {isa = PBXBuildFile; fileRef = F4592BBD1CA16BEA00981DDF /* SitePreferenceController.m */; };
		F4592BC01CA16BEA00981DDF /* SitePreferenceController.xib in Resources */ = {isa = PBXBuildFile; fileRef = F4592BBE1CA16BEA00981DDF /* SitePreferenceController.xib */; };
		F45981811D3B6451009B9C74 /* ButtonTableCellView.m in Sources */ = {isa = PBXBuildFile; fileRef = F45981801D3B6451009B9C74 /* ButtonTableCellView.m */; };
		F45981841D3B9200009B9C74 /* AddKeywordViewController.m in Sources */ = {isa = PBXBuildFile; fileRef = F45981831D3B9200009B9C74 /* AddKeywordViewController.m */; };
		F45981871D3C60D0009B9C74 /* ImportKeywordViewController.m in Sources */ = {isa = PBXBuildFile; fileRef = F45981861D3C60D0009B9C74 /* ImportKeywordViewController.m */; };
		F459818A1D3C60F6009B9C74 /* ExportKeywordViewController.m in Sources */ = {isa = PBXBuildFile; fileRef = F45981891D3C60F6009B9C74 /* ExportKeywordViewController.m */; };
		F46EFC121CA054BB00B2E3F3 /* MASPreferencesWindowController.m in Sources */ = {isa = PBXBuildFile; fileRef = F46EFC101CA054BB00B2E3F3 /* MASPreferencesWindowController.m */; };
		F46EFC131CA054BB00B2E3F3 /* MASPreferencesWindow.xib in Resources */ = {isa = PBXBuildFile; fileRef = F46EFC111CA054BB00B2E3F3 /* MASPreferencesWindow.xib */; };
		F4712E921CA6DFB000BD332D /* FileItem.m in Sources */ = {isa = PBXBuildFile; fileRef = F4712E911CA6DFB000BD332D /* FileItem.m */; };
		F4712E951CA6EA9000BD332D /* FileTableView.m in Sources */ = {isa = PBXBuildFile; fileRef = F4712E941CA6EA9000BD332D /* FileTableView.m */; };
		F483EA1A1BAD92C100D02E60 /* SideViewController.m in Sources */ = {isa = PBXBuildFile; fileRef = F483EA191BAD92C100D02E60 /* SideViewController.m */; };
		F483EA1D1BAD9DB200D02E60 /* MainSplitViewController.m in Sources */ = {isa = PBXBuildFile; fileRef = F483EA1C1BAD9DB200D02E60 /* MainSplitViewController.m */; };
		F48CC38D1CA2643200EBEAB7 /* DMHYNotification.m in Sources */ = {isa = PBXBuildFile; fileRef = F48CC38C1CA2643200EBEAB7 /* DMHYNotification.m */; };
		F48F8C2B1BA03643002C96C3 /* AppDelegate.m in Sources */ = {isa = PBXBuildFile; fileRef = F48F8C2A1BA03643002C96C3 /* AppDelegate.m */; };
		F48F8C2E1BA03643002C96C3 /* main.m in Sources */ = {isa = PBXBuildFile; fileRef = F48F8C2D1BA03643002C96C3 /* main.m */; };
		F48F8C311BA03643002C96C3 /* ViewController.m in Sources */ = {isa = PBXBuildFile; fileRef = F48F8C301BA03643002C96C3 /* ViewController.m */; };
		F48F8C341BA03643002C96C3 /* DMHY.xcdatamodeld in Sources */ = {isa = PBXBuildFile; fileRef = F48F8C321BA03643002C96C3 /* DMHY.xcdatamodeld */; };
		F48F8C361BA03643002C96C3 /* Assets.xcassets in Resources */ = {isa = PBXBuildFile; fileRef = F48F8C351BA03643002C96C3 /* Assets.xcassets */; };
		F48F8C391BA03643002C96C3 /* Main.storyboard in Resources */ = {isa = PBXBuildFile; fileRef = F48F8C371BA03643002C96C3 /* Main.storyboard */; };
		F48F8C411BA036ED002C96C3 /* download.png in Resources */ = {isa = PBXBuildFile; fileRef = F48F8C401BA036ED002C96C3 /* download.png */; };
		F48F8C481BA03705002C96C3 /* TitleTableCellView.m in Sources */ = {isa = PBXBuildFile; fileRef = F48F8C461BA03705002C96C3 /* TitleTableCellView.m */; };
		F48F8C4C1BA05FB9002C96C3 /* NavigationView.m in Sources */ = {isa = PBXBuildFile; fileRef = F48F8C4B1BA05FB9002C96C3 /* NavigationView.m */; };
		F4A037341D39D3DF00183048 /* DMHYSiteChecker.m in Sources */ = {isa = PBXBuildFile; fileRef = F4A037331D39D3DF00183048 /* DMHYSiteChecker.m */; };
		F4A0373A1D39FD1700183048 /* DMHYSite+CoreDataProperties.m in Sources */ = {isa = PBXBuildFile; fileRef = F4A037371D39FD1700183048 /* DMHYSite+CoreDataProperties.m */; };
		F4A0373B1D39FD1700183048 /* DMHYSite.m in Sources */ = {isa = PBXBuildFile; fileRef = F4A037391D39FD1700183048 /* DMHYSite.m */; };
		F4A0373D1D3A0E2B00183048 /* support-site.json in Resources */ = {isa = PBXBuildFile; fileRef = F4A0373C1D3A0E2B00183048 /* support-site.json */; };
		F4A0E3E21CA130A700092C4D /* NSTableView+ContextMenu.m in Sources */ = {isa = PBXBuildFile; fileRef = F4A0E3E11CA130A700092C4D /* NSTableView+ContextMenu.m */; };
		F4D51E641D3B001F00E9E9A6 /* TorrentItem.m in Sources */ = {isa = PBXBuildFile; fileRef = F4D51E631D3B001F00E9E9A6 /* TorrentItem.m */; };
		F4DEA05D1BA99890008E89B8 /* PreferenceController.m in Sources */ = {isa = PBXBuildFile; fileRef = F4DEA05B1BA99890008E89B8 /* PreferenceController.m */; };
		F4DEA0601BA99936008E89B8 /* Preference.xib in Resources */ = {isa = PBXBuildFile; fileRef = F4DEA05F1BA99936008E89B8 /* Preference.xib */; };
		F4DFBB161CACB26B000F4555 /* DMHYXMLDataManager.m in Sources */ = {isa = PBXBuildFile; fileRef = F4DFBB151CACB26B000F4555 /* DMHYXMLDataManager.m */; };
		F4DFBB191CACBF85000F4555 /* DMHYJSONDataManager.m in Sources */ = {isa = PBXBuildFile; fileRef = F4DFBB181CACBF85000F4555 /* DMHYJSONDataManager.m */; };
		F4EC473F1C82FECC00EBF0B9 /* DMHYTool.m in Sources */ = {isa = PBXBuildFile; fileRef = F4EC473E1C82FECC00EBF0B9 /* DMHYTool.m */; };
/* End PBXBuildFile section */

/* Begin PBXFileReference section */
		48B5EB0C999E9F02A73B8D60 /* libPods-DMHY.a */ = {isa = PBXFileReference; explicitFileType = archive.ar; includeInIndex = 0; path = "libPods-DMHY.a"; sourceTree = BUILT_PRODUCTS_DIR; };
		9F7ED7A7CAA64C992577D80D /* Pods-DMHY.debug.xcconfig */ = {isa = PBXFileReference; includeInIndex = 1; lastKnownFileType = text.xcconfig; name = "Pods-DMHY.debug.xcconfig"; path = "Pods/Target Support Files/Pods-DMHY/Pods-DMHY.debug.xcconfig"; sourceTree = "<group>"; };
		F41697B61C8D4D1C002521A4 /* WindowController.h */ = {isa = PBXFileReference; fileEncoding = 4; lastKnownFileType = sourcecode.c.h; path = WindowController.h; sourceTree = "<group>"; };
		F41697B71C8D4D1C002521A4 /* WindowController.m */ = {isa = PBXFileReference; fileEncoding = 4; lastKnownFileType = sourcecode.c.objc; path = WindowController.m; sourceTree = "<group>"; };
		F4258F9F1CA5808500B4DF8D /* FileManagerViewController.h */ = {isa = PBXFileReference; fileEncoding = 4; lastKnownFileType = sourcecode.c.h; path = FileManagerViewController.h; sourceTree = "<group>"; };
		F4258FA01CA5808500B4DF8D /* FileManagerViewController.m */ = {isa = PBXFileReference; fileEncoding = 4; lastKnownFileType = sourcecode.c.objc; path = FileManagerViewController.m; sourceTree = "<group>"; };
		F4258FA21CA580D700B4DF8D /* SavedDataViewController.h */ = {isa = PBXFileReference; fileEncoding = 4; lastKnownFileType = sourcecode.c.h; path = SavedDataViewController.h; sourceTree = "<group>"; };
		F4258FA31CA580D700B4DF8D /* SavedDataViewController.m */ = {isa = PBXFileReference; fileEncoding = 4; lastKnownFileType = sourcecode.c.objc; path = SavedDataViewController.m; sourceTree = "<group>"; };
		F42DCC0F1BB180A4004EC373 /* DMHYCoreDataStackManager.h */ = {isa = PBXFileReference; fileEncoding = 4; lastKnownFileType = sourcecode.c.h; path = DMHYCoreDataStackManager.h; sourceTree = "<group>"; };
		F42DCC101BB180A4004EC373 /* DMHYCoreDataStackManager.m */ = {isa = PBXFileReference; fileEncoding = 4; lastKnownFileType = sourcecode.c.objc; path = DMHYCoreDataStackManager.m; sourceTree = "<group>"; };
		F42DCC3C1BB26DD9004EC373 /* DMHYTorrent+CoreDataProperties.h */ = {isa = PBXFileReference; fileEncoding = 4; lastKnownFileType = sourcecode.c.h; name = "DMHYTorrent+CoreDataProperties.h"; path = "Model/DMHYTorrent+CoreDataProperties.h"; sourceTree = "<group>"; };
		F42DCC3D1BB26DD9004EC373 /* DMHYTorrent+CoreDataProperties.m */ = {isa = PBXFileReference; fileEncoding = 4; lastKnownFileType = sourcecode.c.objc; name = "DMHYTorrent+CoreDataProperties.m"; path = "Model/DMHYTorrent+CoreDataProperties.m"; sourceTree = "<group>"; };
		F42DCC3E1BB26DD9004EC373 /* DMHYTorrent.h */ = {isa = PBXFileReference; fileEncoding = 4; lastKnownFileType = sourcecode.c.h; name = DMHYTorrent.h; path = Model/DMHYTorrent.h; sourceTree = "<group>"; };
		F42DCC3F1BB26DD9004EC373 /* DMHYTorrent.m */ = {isa = PBXFileReference; fileEncoding = 4; lastKnownFileType = sourcecode.c.objc; name = DMHYTorrent.m; path = Model/DMHYTorrent.m; sourceTree = "<group>"; };
		F42DCC401BB26DD9004EC373 /* DMHYKeyword+CoreDataProperties.h */ = {isa = PBXFileReference; fileEncoding = 4; lastKnownFileType = sourcecode.c.h; name = "DMHYKeyword+CoreDataProperties.h"; path = "Model/DMHYKeyword+CoreDataProperties.h"; sourceTree = "<group>"; };
		F42DCC411BB26DD9004EC373 /* DMHYKeyword+CoreDataProperties.m */ = {isa = PBXFileReference; fileEncoding = 4; lastKnownFileType = sourcecode.c.objc; name = "DMHYKeyword+CoreDataProperties.m"; path = "Model/DMHYKeyword+CoreDataProperties.m"; sourceTree = "<group>"; };
		F42DCC421BB26DD9004EC373 /* DMHYKeyword.h */ = {isa = PBXFileReference; fileEncoding = 4; lastKnownFileType = sourcecode.c.h; name = DMHYKeyword.h; path = Model/DMHYKeyword.h; sourceTree = "<group>"; };
		F42DCC431BB26DD9004EC373 /* DMHYKeyword.m */ = {isa = PBXFileReference; fileEncoding = 4; lastKnownFileType = sourcecode.c.objc; name = DMHYKeyword.m; path = Model/DMHYKeyword.m; sourceTree = "<group>"; };
		F43E8C201CA37E6B0068AF92 /* DMHYDownloader.h */ = {isa = PBXFileReference; fileEncoding = 4; lastKnownFileType = sourcecode.c.h; path = DMHYDownloader.h; sourceTree = "<group>"; };
		F43E8C211CA37E6B0068AF92 /* DMHYDownloader.m */ = {isa = PBXFileReference; fileEncoding = 4; lastKnownFileType = sourcecode.c.objc; path = DMHYDownloader.m; sourceTree = "<group>"; };
		F43E8C3A1CA3AADA0068AF92 /* ViewerPreferences.tiff */ = {isa = PBXFileReference; lastKnownFileType = image.tiff; path = ViewerPreferences.tiff; sourceTree = "<group>"; };
		F44C9F251C9E7624007E1CAA /* Bangumi.h */ = {isa = PBXFileReference; fileEncoding = 4; lastKnownFileType = sourcecode.c.h; name = Bangumi.h; path = Model/Bangumi.h; sourceTree = "<group>"; };
		F44C9F261C9E7624007E1CAA /* Bangumi.m */ = {isa = PBXFileReference; fileEncoding = 4; lastKnownFileType = sourcecode.c.objc; name = Bangumi.m; path = Model/Bangumi.m; sourceTree = "<group>"; };
		F44E86101CBFCF5A00384897 /* zh-Hans */ = {isa = PBXFileReference; lastKnownFileType = text.plist.strings; name = "zh-Hans"; path = "zh-Hans.lproj/Main.strings"; sourceTree = "<group>"; };
		F4592BBC1CA16BEA00981DDF /* SitePreferenceController.h */ = {isa = PBXFileReference; fileEncoding = 4; lastKnownFileType = sourcecode.c.h; name = SitePreferenceController.h; path = Preferences/SitePreferenceController.h; sourceTree = "<group>"; };
		F4592BBD1CA16BEA00981DDF /* SitePreferenceController.m */ = {isa = PBXFileReference; fileEncoding = 4; lastKnownFileType = sourcecode.c.objc; name = SitePreferenceController.m; path = Preferences/SitePreferenceController.m; sourceTree = "<group>"; };
		F4592BBE1CA16BEA00981DDF /* SitePreferenceController.xib */ = {isa = PBXFileReference; fileEncoding = 4; lastKnownFileType = file.xib; name = SitePreferenceController.xib; path = Preferences/SitePreferenceController.xib; sourceTree = "<group>"; };
		F459817F1D3B6451009B9C74 /* ButtonTableCellView.h */ = {isa = PBXFileReference; fileEncoding = 4; lastKnownFileType = sourcecode.c.h; name = ButtonTableCellView.h; path = View/ButtonTableCellView.h; sourceTree = "<group>"; };
		F45981801D3B6451009B9C74 /* ButtonTableCellView.m */ = {isa = PBXFileReference; fileEncoding = 4; lastKnownFileType = sourcecode.c.objc; name = ButtonTableCellView.m; path = View/ButtonTableCellView.m; sourceTree = "<group>"; };
		F45981821D3B9200009B9C74 /* AddKeywordViewController.h */ = {isa = PBXFileReference; fileEncoding = 4; lastKnownFileType = sourcecode.c.h; name = AddKeywordViewController.h; path = Controller/AddKeywordViewController.h; sourceTree = "<group>"; };
		F45981831D3B9200009B9C74 /* AddKeywordViewController.m */ = {isa = PBXFileReference; fileEncoding = 4; lastKnownFileType = sourcecode.c.objc; name = AddKeywordViewController.m; path = Controller/AddKeywordViewController.m; sourceTree = "<group>"; };
		F45981851D3C60D0009B9C74 /* ImportKeywordViewController.h */ = {isa = PBXFileReference; fileEncoding = 4; lastKnownFileType = sourcecode.c.h; name = ImportKeywordViewController.h; path = Controller/ImportKeywordViewController.h; sourceTree = "<group>"; };
		F45981861D3C60D0009B9C74 /* ImportKeywordViewController.m */ = {isa = PBXFileReference; fileEncoding = 4; lastKnownFileType = sourcecode.c.objc; name = ImportKeywordViewController.m; path = Controller/ImportKeywordViewController.m; sourceTree = "<group>"; };
		F45981881D3C60F6009B9C74 /* ExportKeywordViewController.h */ = {isa = PBXFileReference; fileEncoding = 4; lastKnownFileType = sourcecode.c.h; name = ExportKeywordViewController.h; path = Controller/ExportKeywordViewController.h; sourceTree = "<group>"; };
		F45981891D3C60F6009B9C74 /* ExportKeywordViewController.m */ = {isa = PBXFileReference; fileEncoding = 4; lastKnownFileType = sourcecode.c.objc; name = ExportKeywordViewController.m; path = Controller/ExportKeywordViewController.m; sourceTree = "<group>"; };
		F46EFC0E1CA054BB00B2E3F3 /* MASPreferencesViewController.h */ = {isa = PBXFileReference; fileEncoding = 4; lastKnownFileType = sourcecode.c.h; path = MASPreferencesViewController.h; sourceTree = "<group>"; };
		F46EFC0F1CA054BB00B2E3F3 /* MASPreferencesWindowController.h */ = {isa = PBXFileReference; fileEncoding = 4; lastKnownFileType = sourcecode.c.h; path = MASPreferencesWindowController.h; sourceTree = "<group>"; };
		F46EFC101CA054BB00B2E3F3 /* MASPreferencesWindowController.m */ = {isa = PBXFileReference; fileEncoding = 4; lastKnownFileType = sourcecode.c.objc; path = MASPreferencesWindowController.m; sourceTree = "<group>"; };
		F46EFC111CA054BB00B2E3F3 /* MASPreferencesWindow.xib */ = {isa = PBXFileReference; fileEncoding = 4; lastKnownFileType = file.xib; path = MASPreferencesWindow.xib; sourceTree = "<group>"; };
		F4712E901CA6DFB000BD332D /* FileItem.h */ = {isa = PBXFileReference; fileEncoding = 4; lastKnownFileType = sourcecode.c.h; name = FileItem.h; path = Model/FileItem.h; sourceTree = "<group>"; };
		F4712E911CA6DFB000BD332D /* FileItem.m */ = {isa = PBXFileReference; fileEncoding = 4; lastKnownFileType = sourcecode.c.objc; name = FileItem.m; path = Model/FileItem.m; sourceTree = "<group>"; };
		F4712E931CA6EA9000BD332D /* FileTableView.h */ = {isa = PBXFileReference; fileEncoding = 4; lastKnownFileType = sourcecode.c.h; name = FileTableView.h; path = View/FileTableView.h; sourceTree = "<group>"; };
		F4712E941CA6EA9000BD332D /* FileTableView.m */ = {isa = PBXFileReference; fileEncoding = 4; lastKnownFileType = sourcecode.c.objc; name = FileTableView.m; path = View/FileTableView.m; sourceTree = "<group>"; };
		F483EA181BAD92C100D02E60 /* SideViewController.h */ = {isa = PBXFileReference; fileEncoding = 4; lastKnownFileType = sourcecode.c.h; path = SideViewController.h; sourceTree = "<group>"; };
		F483EA191BAD92C100D02E60 /* SideViewController.m */ = {isa = PBXFileReference; fileEncoding = 4; lastKnownFileType = sourcecode.c.objc; path = SideViewController.m; sourceTree = "<group>"; };
		F483EA1B1BAD9DB200D02E60 /* MainSplitViewController.h */ = {isa = PBXFileReference; fileEncoding = 4; lastKnownFileType = sourcecode.c.h; path = MainSplitViewController.h; sourceTree = "<group>"; };
		F483EA1C1BAD9DB200D02E60 /* MainSplitViewController.m */ = {isa = PBXFileReference; fileEncoding = 4; lastKnownFileType = sourcecode.c.objc; path = MainSplitViewController.m; sourceTree = "<group>"; };
		F48CC38B1CA2643200EBEAB7 /* DMHYNotification.h */ = {isa = PBXFileReference; fileEncoding = 4; lastKnownFileType = sourcecode.c.h; path = DMHYNotification.h; sourceTree = "<group>"; };
		F48CC38C1CA2643200EBEAB7 /* DMHYNotification.m */ = {isa = PBXFileReference; fileEncoding = 4; lastKnownFileType = sourcecode.c.objc; path = DMHYNotification.m; sourceTree = "<group>"; };
		F48F8C261BA03643002C96C3 /* DMHY.app */ = {isa = PBXFileReference; explicitFileType = wrapper.application; includeInIndex = 0; path = DMHY.app; sourceTree = BUILT_PRODUCTS_DIR; };
		F48F8C291BA03643002C96C3 /* AppDelegate.h */ = {isa = PBXFileReference; lastKnownFileType = sourcecode.c.h; path = AppDelegate.h; sourceTree = "<group>"; };
		F48F8C2A1BA03643002C96C3 /* AppDelegate.m */ = {isa = PBXFileReference; lastKnownFileType = sourcecode.c.objc; path = AppDelegate.m; sourceTree = "<group>"; };
		F48F8C2D1BA03643002C96C3 /* main.m */ = {isa = PBXFileReference; lastKnownFileType = sourcecode.c.objc; path = main.m; sourceTree = "<group>"; };
		F48F8C2F1BA03643002C96C3 /* ViewController.h */ = {isa = PBXFileReference; lastKnownFileType = sourcecode.c.h; path = ViewController.h; sourceTree = "<group>"; };
		F48F8C301BA03643002C96C3 /* ViewController.m */ = {isa = PBXFileReference; lastKnownFileType = sourcecode.c.objc; path = ViewController.m; sourceTree = "<group>"; };
		F48F8C331BA03643002C96C3 /* DMHY.xcdatamodel */ = {isa = PBXFileReference; lastKnownFileType = wrapper.xcdatamodel; path = DMHY.xcdatamodel; sourceTree = "<group>"; };
		F48F8C351BA03643002C96C3 /* Assets.xcassets */ = {isa = PBXFileReference; lastKnownFileType = folder.assetcatalog; path = Assets.xcassets; sourceTree = "<group>"; };
		F48F8C381BA03643002C96C3 /* Base */ = {isa = PBXFileReference; lastKnownFileType = file.storyboard; name = Base; path = Base.lproj/Main.storyboard; sourceTree = "<group>"; };
		F48F8C3A1BA03643002C96C3 /* Info.plist */ = {isa = PBXFileReference; lastKnownFileType = text.plist.xml; path = Info.plist; sourceTree = "<group>"; };
		F48F8C401BA036ED002C96C3 /* download.png */ = {isa = PBXFileReference; lastKnownFileType = image.png; path = download.png; sourceTree = "<group>"; };
		F48F8C421BA03705002C96C3 /* DMHYAPI.h */ = {isa = PBXFileReference; fileEncoding = 4; lastKnownFileType = sourcecode.c.h; path = DMHYAPI.h; sourceTree = "<group>"; };
		F48F8C451BA03705002C96C3 /* TitleTableCellView.h */ = {isa = PBXFileReference; fileEncoding = 4; lastKnownFileType = sourcecode.c.h; path = TitleTableCellView.h; sourceTree = "<group>"; };
		F48F8C461BA03705002C96C3 /* TitleTableCellView.m */ = {isa = PBXFileReference; fileEncoding = 4; lastKnownFileType = sourcecode.c.objc; path = TitleTableCellView.m; sourceTree = "<group>"; };
		F48F8C4A1BA05FB9002C96C3 /* NavigationView.h */ = {isa = PBXFileReference; fileEncoding = 4; lastKnownFileType = sourcecode.c.h; path = NavigationView.h; sourceTree = "<group>"; };
		F48F8C4B1BA05FB9002C96C3 /* NavigationView.m */ = {isa = PBXFileReference; fileEncoding = 4; lastKnownFileType = sourcecode.c.objc; path = NavigationView.m; sourceTree = "<group>"; };
		F4A037321D39D3DF00183048 /* DMHYSiteChecker.h */ = {isa = PBXFileReference; fileEncoding = 4; lastKnownFileType = sourcecode.c.h; path = DMHYSiteChecker.h; sourceTree = "<group>"; };
		F4A037331D39D3DF00183048 /* DMHYSiteChecker.m */ = {isa = PBXFileReference; fileEncoding = 4; lastKnownFileType = sourcecode.c.objc; path = DMHYSiteChecker.m; sourceTree = "<group>"; };
		F4A037351D39EC2E00183048 /* DMHY v4.xcdatamodel */ = {isa = PBXFileReference; lastKnownFileType = wrapper.xcdatamodel; path = "DMHY v4.xcdatamodel"; sourceTree = "<group>"; };
		F4A037361D39FD1700183048 /* DMHYSite+CoreDataProperties.h */ = {isa = PBXFileReference; fileEncoding = 4; lastKnownFileType = sourcecode.c.h; name = "DMHYSite+CoreDataProperties.h"; path = "Model/DMHYSite+CoreDataProperties.h"; sourceTree = "<group>"; };
		F4A037371D39FD1700183048 /* DMHYSite+CoreDataProperties.m */ = {isa = PBXFileReference; fileEncoding = 4; lastKnownFileType = sourcecode.c.objc; name = "DMHYSite+CoreDataProperties.m"; path = "Model/DMHYSite+CoreDataProperties.m"; sourceTree = "<group>"; };
		F4A037381D39FD1700183048 /* DMHYSite.h */ = {isa = PBXFileReference; fileEncoding = 4; lastKnownFileType = sourcecode.c.h; name = DMHYSite.h; path = Model/DMHYSite.h; sourceTree = "<group>"; };
		F4A037391D39FD1700183048 /* DMHYSite.m */ = {isa = PBXFileReference; fileEncoding = 4; lastKnownFileType = sourcecode.c.objc; name = DMHYSite.m; path = Model/DMHYSite.m; sourceTree = "<group>"; };
		F4A0373C1D3A0E2B00183048 /* support-site.json */ = {isa = PBXFileReference; fileEncoding = 4; lastKnownFileType = text.json; path = "support-site.json"; sourceTree = "<group>"; };
		F4A0E3E01CA130A700092C4D /* NSTableView+ContextMenu.h */ = {isa = PBXFileReference; fileEncoding = 4; lastKnownFileType = sourcecode.c.h; name = "NSTableView+ContextMenu.h"; path = "View/NSTableView+ContextMenu.h"; sourceTree = "<group>"; };
		F4A0E3E11CA130A700092C4D /* NSTableView+ContextMenu.m */ = {isa = PBXFileReference; fileEncoding = 4; lastKnownFileType = sourcecode.c.objc; name = "NSTableView+ContextMenu.m"; path = "View/NSTableView+ContextMenu.m"; sourceTree = "<group>"; };
		F4AC86621C82A6BA00C420F2 /* DMHY v2.xcdatamodel */ = {isa = PBXFileReference; lastKnownFileType = wrapper.xcdatamodel; path = "DMHY v2.xcdatamodel"; sourceTree = "<group>"; };
		F4AC86631C82D8B500C420F2 /* DMHY v3.xcdatamodel */ = {isa = PBXFileReference; lastKnownFileType = wrapper.xcdatamodel; path = "DMHY v3.xcdatamodel"; sourceTree = "<group>"; };
		F4D51E621D3B001F00E9E9A6 /* TorrentItem.h */ = {isa = PBXFileReference; fileEncoding = 4; lastKnownFileType = sourcecode.c.h; path = TorrentItem.h; sourceTree = "<group>"; };
		F4D51E631D3B001F00E9E9A6 /* TorrentItem.m */ = {isa = PBXFileReference; fileEncoding = 4; lastKnownFileType = sourcecode.c.objc; path = TorrentItem.m; sourceTree = "<group>"; };
		F4DEA05A1BA99890008E89B8 /* PreferenceController.h */ = {isa = PBXFileReference; fileEncoding = 4; lastKnownFileType = sourcecode.c.h; path = PreferenceController.h; sourceTree = "<group>"; };
		F4DEA05B1BA99890008E89B8 /* PreferenceController.m */ = {isa = PBXFileReference; fileEncoding = 4; lastKnownFileType = sourcecode.c.objc; path = PreferenceController.m; sourceTree = "<group>"; };
		F4DEA05F1BA99936008E89B8 /* Preference.xib */ = {isa = PBXFileReference; fileEncoding = 4; lastKnownFileType = file.xib; path = Preference.xib; sourceTree = "<group>"; };
		F4DFBB141CACB26B000F4555 /* DMHYXMLDataManager.h */ = {isa = PBXFileReference; fileEncoding = 4; lastKnownFileType = sourcecode.c.h; path = DMHYXMLDataManager.h; sourceTree = "<group>"; };
		F4DFBB151CACB26B000F4555 /* DMHYXMLDataManager.m */ = {isa = PBXFileReference; fileEncoding = 4; lastKnownFileType = sourcecode.c.objc; path = DMHYXMLDataManager.m; sourceTree = "<group>"; };
		F4DFBB171CACBF85000F4555 /* DMHYJSONDataManager.h */ = {isa = PBXFileReference; fileEncoding = 4; lastKnownFileType = sourcecode.c.h; path = DMHYJSONDataManager.h; sourceTree = "<group>"; };
		F4DFBB181CACBF85000F4555 /* DMHYJSONDataManager.m */ = {isa = PBXFileReference; fileEncoding = 4; lastKnownFileType = sourcecode.c.objc; path = DMHYJSONDataManager.m; sourceTree = "<group>"; };
		F4EC473D1C82FECC00EBF0B9 /* DMHYTool.h */ = {isa = PBXFileReference; fileEncoding = 4; lastKnownFileType = sourcecode.c.h; path = DMHYTool.h; sourceTree = "<group>"; };
		F4EC473E1C82FECC00EBF0B9 /* DMHYTool.m */ = {isa = PBXFileReference; fileEncoding = 4; lastKnownFileType = sourcecode.c.objc; path = DMHYTool.m; sourceTree = "<group>"; };
		F4FC772F1BA2DA810095F753 /* DMHY.entitlements */ = {isa = PBXFileReference; lastKnownFileType = text.xml; path = DMHY.entitlements; sourceTree = "<group>"; };
		FA4A8013B89A57AC2CB71310 /* Pods-DMHY.release.xcconfig */ = {isa = PBXFileReference; includeInIndex = 1; lastKnownFileType = text.xcconfig; name = "Pods-DMHY.release.xcconfig"; path = "Pods/Target Support Files/Pods-DMHY/Pods-DMHY.release.xcconfig"; sourceTree = "<group>"; };
/* End PBXFileReference section */

/* Begin PBXFrameworksBuildPhase section */
		F48F8C231BA03643002C96C3 /* Frameworks */ = {
			isa = PBXFrameworksBuildPhase;
			buildActionMask = 2147483647;
			files = (
				06F614C9FC3EBEB4D21812BF /* libPods-DMHY.a in Frameworks */,
			);
			runOnlyForDeploymentPostprocessing = 0;
		};
/* End PBXFrameworksBuildPhase section */

/* Begin PBXGroup section */
		B8F402F3F52F9571A1B79F62 /* Frameworks */ = {
			isa = PBXGroup;
			children = (
				48B5EB0C999E9F02A73B8D60 /* libPods-DMHY.a */,
			);
			name = Frameworks;
			sourceTree = "<group>";
		};
		EB161EE472D3575729C3A0E0 /* Pods */ = {
			isa = PBXGroup;
			children = (
				9F7ED7A7CAA64C992577D80D /* Pods-DMHY.debug.xcconfig */,
				FA4A8013B89A57AC2CB71310 /* Pods-DMHY.release.xcconfig */,
			);
			name = Pods;
			sourceTree = "<group>";
		};
		F43A1E6B1BB1714300B7CFBA /* Model */ = {
			isa = PBXGroup;
			children = (
				F4D51E621D3B001F00E9E9A6 /* TorrentItem.h */,
				F4D51E631D3B001F00E9E9A6 /* TorrentItem.m */,
				F4A037361D39FD1700183048 /* DMHYSite+CoreDataProperties.h */,
				F4A037371D39FD1700183048 /* DMHYSite+CoreDataProperties.m */,
				F4A037381D39FD1700183048 /* DMHYSite.h */,
				F4A037391D39FD1700183048 /* DMHYSite.m */,
				F48F8C321BA03643002C96C3 /* DMHY.xcdatamodeld */,
				F42DCC3C1BB26DD9004EC373 /* DMHYTorrent+CoreDataProperties.h */,
				F42DCC3D1BB26DD9004EC373 /* DMHYTorrent+CoreDataProperties.m */,
				F42DCC3E1BB26DD9004EC373 /* DMHYTorrent.h */,
				F42DCC3F1BB26DD9004EC373 /* DMHYTorrent.m */,
				F42DCC401BB26DD9004EC373 /* DMHYKeyword+CoreDataProperties.h */,
				F42DCC411BB26DD9004EC373 /* DMHYKeyword+CoreDataProperties.m */,
				F42DCC421BB26DD9004EC373 /* DMHYKeyword.h */,
				F42DCC431BB26DD9004EC373 /* DMHYKeyword.m */,
				F44C9F251C9E7624007E1CAA /* Bangumi.h */,
				F44C9F261C9E7624007E1CAA /* Bangumi.m */,
				F4712E901CA6DFB000BD332D /* FileItem.h */,
				F4712E911CA6DFB000BD332D /* FileItem.m */,
			);
			name = Model;
			sourceTree = "<group>";
		};
		F46EFC141CA054F500B2E3F3 /* MASPreferences */ = {
			isa = PBXGroup;
			children = (
				F46EFC0E1CA054BB00B2E3F3 /* MASPreferencesViewController.h */,
				F46EFC0F1CA054BB00B2E3F3 /* MASPreferencesWindowController.h */,
				F46EFC101CA054BB00B2E3F3 /* MASPreferencesWindowController.m */,
				F46EFC111CA054BB00B2E3F3 /* MASPreferencesWindow.xib */,
			);
			name = MASPreferences;
			sourceTree = "<group>";
		};
		F46EFC151CA05C0300B2E3F3 /* Preferences */ = {
			isa = PBXGroup;
			children = (
				F4DEA05A1BA99890008E89B8 /* PreferenceController.h */,
				F4DEA05B1BA99890008E89B8 /* PreferenceController.m */,
				F4DEA05F1BA99936008E89B8 /* Preference.xib */,
				F4592BBC1CA16BEA00981DDF /* SitePreferenceController.h */,
				F4592BBD1CA16BEA00981DDF /* SitePreferenceController.m */,
				F4592BBE1CA16BEA00981DDF /* SitePreferenceController.xib */,
			);
			name = Preferences;
			sourceTree = "<group>";
		};
		F48F8C1D1BA03643002C96C3 = {
			isa = PBXGroup;
			children = (
				F48F8C281BA03643002C96C3 /* DMHY */,
				F48F8C271BA03643002C96C3 /* Products */,
				EB161EE472D3575729C3A0E0 /* Pods */,
				B8F402F3F52F9571A1B79F62 /* Frameworks */,
			);
			sourceTree = "<group>";
		};
		F48F8C271BA03643002C96C3 /* Products */ = {
			isa = PBXGroup;
			children = (
				F48F8C261BA03643002C96C3 /* DMHY.app */,
			);
			name = Products;
			sourceTree = "<group>";
		};
		F48F8C281BA03643002C96C3 /* DMHY */ = {
			isa = PBXGroup;
			children = (
				F46EFC151CA05C0300B2E3F3 /* Preferences */,
				F48F8C491BA05F6B002C96C3 /* View */,
				F43A1E6B1BB1714300B7CFBA /* Model */,
				F48F8C2C1BA03643002C96C3 /* Supporting Files */,
				F48F8C291BA03643002C96C3 /* AppDelegate.h */,
				F48F8C2A1BA03643002C96C3 /* AppDelegate.m */,
				F483EA181BAD92C100D02E60 /* SideViewController.h */,
				F483EA191BAD92C100D02E60 /* SideViewController.m */,
				F48F8C2F1BA03643002C96C3 /* ViewController.h */,
				F48F8C301BA03643002C96C3 /* ViewController.m */,
				F4258FA21CA580D700B4DF8D /* SavedDataViewController.h */,
				F4258FA31CA580D700B4DF8D /* SavedDataViewController.m */,
				F4258F9F1CA5808500B4DF8D /* FileManagerViewController.h */,
				F4258FA01CA5808500B4DF8D /* FileManagerViewController.m */,
				F48F8C421BA03705002C96C3 /* DMHYAPI.h */,
				F4EC473D1C82FECC00EBF0B9 /* DMHYTool.h */,
				F4EC473E1C82FECC00EBF0B9 /* DMHYTool.m */,
				F48CC38B1CA2643200EBEAB7 /* DMHYNotification.h */,
				F48CC38C1CA2643200EBEAB7 /* DMHYNotification.m */,
				F43E8C201CA37E6B0068AF92 /* DMHYDownloader.h */,
				F43E8C211CA37E6B0068AF92 /* DMHYDownloader.m */,
				F48F8C371BA03643002C96C3 /* Main.storyboard */,
				F4A037321D39D3DF00183048 /* DMHYSiteChecker.h */,
				F4A037331D39D3DF00183048 /* DMHYSiteChecker.m */,
				F483EA1B1BAD9DB200D02E60 /* MainSplitViewController.h */,
				F483EA1C1BAD9DB200D02E60 /* MainSplitViewController.m */,
				F41697B61C8D4D1C002521A4 /* WindowController.h */,
				F41697B71C8D4D1C002521A4 /* WindowController.m */,
				F42DCC0F1BB180A4004EC373 /* DMHYCoreDataStackManager.h */,
				F42DCC101BB180A4004EC373 /* DMHYCoreDataStackManager.m */,
				F4DFBB141CACB26B000F4555 /* DMHYXMLDataManager.h */,
				F4DFBB151CACB26B000F4555 /* DMHYXMLDataManager.m */,
				F4DFBB171CACBF85000F4555 /* DMHYJSONDataManager.h */,
				F4DFBB181CACBF85000F4555 /* DMHYJSONDataManager.m */,
				F45981821D3B9200009B9C74 /* AddKeywordViewController.h */,
				F45981831D3B9200009B9C74 /* AddKeywordViewController.m */,
				F45981851D3C60D0009B9C74 /* ImportKeywordViewController.h */,
				F45981861D3C60D0009B9C74 /* ImportKeywordViewController.m */,
				F45981881D3C60F6009B9C74 /* ExportKeywordViewController.h */,
				F45981891D3C60F6009B9C74 /* ExportKeywordViewController.m */,
			);
			path = DMHY;
			sourceTree = "<group>";
		};
		F48F8C2C1BA03643002C96C3 /* Supporting Files */ = {
			isa = PBXGroup;
			children = (
				F48F8C3A1BA03643002C96C3 /* Info.plist */,
				F48F8C351BA03643002C96C3 /* Assets.xcassets */,
				F4FC772F1BA2DA810095F753 /* DMHY.entitlements */,
				F43E8C3A1CA3AADA0068AF92 /* ViewerPreferences.tiff */,
				F46EFC141CA054F500B2E3F3 /* MASPreferences */,
				F48F8C401BA036ED002C96C3 /* download.png */,
				F48F8C2D1BA03643002C96C3 /* main.m */,
				F4A0373C1D3A0E2B00183048 /* support-site.json */,
			);
			name = "Supporting Files";
			sourceTree = "<group>";
		};
		F48F8C491BA05F6B002C96C3 /* View */ = {
			isa = PBXGroup;
			children = (
				F4A0E3E01CA130A700092C4D /* NSTableView+ContextMenu.h */,
				F4A0E3E11CA130A700092C4D /* NSTableView+ContextMenu.m */,
				F48F8C451BA03705002C96C3 /* TitleTableCellView.h */,
				F48F8C461BA03705002C96C3 /* TitleTableCellView.m */,
				F48F8C4A1BA05FB9002C96C3 /* NavigationView.h */,
				F48F8C4B1BA05FB9002C96C3 /* NavigationView.m */,
				F4712E931CA6EA9000BD332D /* FileTableView.h */,
				F4712E941CA6EA9000BD332D /* FileTableView.m */,
				F459817F1D3B6451009B9C74 /* ButtonTableCellView.h */,
				F45981801D3B6451009B9C74 /* ButtonTableCellView.m */,
			);
			name = View;
			sourceTree = "<group>";
		};
/* End PBXGroup section */

/* Begin PBXNativeTarget section */
		F48F8C251BA03643002C96C3 /* DMHY */ = {
			isa = PBXNativeTarget;
			buildConfigurationList = F48F8C3D1BA03643002C96C3 /* Build configuration list for PBXNativeTarget "DMHY" */;
			buildPhases = (
				42A1A92169CACD10B3528C3F /* [CP] Check Pods Manifest.lock */,
				F48F8C221BA03643002C96C3 /* Sources */,
				F48F8C231BA03643002C96C3 /* Frameworks */,
				F48F8C241BA03643002C96C3 /* Resources */,
				F69A2848D1513B35E0740A0F /* [CP] Copy Pods Resources */,
			);
			buildRules = (
			);
			dependencies = (
			);
			name = DMHY;
			productName = DMHY;
			productReference = F48F8C261BA03643002C96C3 /* DMHY.app */;
			productType = "com.apple.product-type.application";
		};
/* End PBXNativeTarget section */

/* Begin PBXProject section */
		F48F8C1E1BA03643002C96C3 /* Project object */ = {
			isa = PBXProject;
			attributes = {
				LastUpgradeCheck = 0700;
				ORGANIZATIONNAME = yaqinking;
				TargetAttributes = {
					F48F8C251BA03643002C96C3 = {
						CreatedOnToolsVersion = 7.0;
						DevelopmentTeam = 2RX98WKS48;
						ProvisioningStyle = Automatic;
						SystemCapabilities = {
							com.apple.Sandbox = {
								enabled = 1;
							};
						};
					};
				};
			};
			buildConfigurationList = F48F8C211BA03643002C96C3 /* Build configuration list for PBXProject "DMHY" */;
			compatibilityVersion = "Xcode 3.2";
			developmentRegion = English;
			hasScannedForEncodings = 0;
			knownRegions = (
				English,
				en,
				Base,
				"zh-Hans",
			);
			mainGroup = F48F8C1D1BA03643002C96C3;
			productRefGroup = F48F8C271BA03643002C96C3 /* Products */;
			projectDirPath = "";
			projectRoot = "";
			targets = (
				F48F8C251BA03643002C96C3 /* DMHY */,
			);
		};
/* End PBXProject section */

/* Begin PBXResourcesBuildPhase section */
		F48F8C241BA03643002C96C3 /* Resources */ = {
			isa = PBXResourcesBuildPhase;
			buildActionMask = 2147483647;
			files = (
				F4A0373D1D3A0E2B00183048 /* support-site.json in Resources */,
				F48F8C361BA03643002C96C3 /* Assets.xcassets in Resources */,
				F43E8C3B1CA3AADA0068AF92 /* ViewerPreferences.tiff in Resources */,
				F48F8C391BA03643002C96C3 /* Main.storyboard in Resources */,
				F46EFC131CA054BB00B2E3F3 /* MASPreferencesWindow.xib in Resources */,
				F4592BC01CA16BEA00981DDF /* SitePreferenceController.xib in Resources */,
				F4DEA0601BA99936008E89B8 /* Preference.xib in Resources */,
				F48F8C411BA036ED002C96C3 /* download.png in Resources */,
			);
			runOnlyForDeploymentPostprocessing = 0;
		};
/* End PBXResourcesBuildPhase section */

/* Begin PBXShellScriptBuildPhase section */
		42A1A92169CACD10B3528C3F /* [CP] Check Pods Manifest.lock */ = {
			isa = PBXShellScriptBuildPhase;
			buildActionMask = 2147483647;
			files = (
			);
			inputPaths = (
				"${PODS_PODFILE_DIR_PATH}/Podfile.lock",
				"${PODS_ROOT}/Manifest.lock",
			);
			name = "[CP] Check Pods Manifest.lock";
			outputPaths = (
				"$(DERIVED_FILE_DIR)/Pods-DMHY-checkManifestLockResult.txt",
			);
			runOnlyForDeploymentPostprocessing = 0;
			shellPath = /bin/sh;
			shellScript = "diff \"${PODS_PODFILE_DIR_PATH}/Podfile.lock\" \"${PODS_ROOT}/Manifest.lock\" > /dev/null\nif [ $? != 0 ] ; then\n    # print error to STDERR\n    echo \"error: The sandbox is not in sync with the Podfile.lock. Run 'pod install' or update your CocoaPods installation.\" >&2\n    exit 1\nfi\n# This output is used by Xcode 'outputs' to avoid re-running this script phase.\necho \"SUCCESS\" > \"${SCRIPT_OUTPUT_FILE_0}\"\n";
			showEnvVarsInLog = 0;
		};
		F69A2848D1513B35E0740A0F /* [CP] Copy Pods Resources */ = {
			isa = PBXShellScriptBuildPhase;
			buildActionMask = 2147483647;
			files = (
			);
			inputPaths = (
				"${PODS_ROOT}/Target Support Files/Pods-DMHY/Pods-DMHY-resources.sh",
				"${PODS_ROOT}/DateTools/DateTools/DateTools.bundle",
			);
			name = "[CP] Copy Pods Resources";
			outputPaths = (
				"${TARGET_BUILD_DIR}/${UNLOCALIZED_RESOURCES_FOLDER_PATH}/DateTools.bundle",
			);
			runOnlyForDeploymentPostprocessing = 0;
			shellPath = /bin/sh;
			shellScript = "\"${PODS_ROOT}/Target Support Files/Pods-DMHY/Pods-DMHY-resources.sh\"\n";
			showEnvVarsInLog = 0;
		};
/* End PBXShellScriptBuildPhase section */

/* Begin PBXSourcesBuildPhase section */
		F48F8C221BA03643002C96C3 /* Sources */ = {
			isa = PBXSourcesBuildPhase;
			buildActionMask = 2147483647;
			files = (
				F4258FA11CA5808500B4DF8D /* FileManagerViewController.m in Sources */,
				F45981811D3B6451009B9C74 /* ButtonTableCellView.m in Sources */,
				F44C9F271C9E7624007E1CAA /* Bangumi.m in Sources */,
				F48F8C311BA03643002C96C3 /* ViewController.m in Sources */,
				F4712E951CA6EA9000BD332D /* FileTableView.m in Sources */,
				F48F8C4C1BA05FB9002C96C3 /* NavigationView.m in Sources */,
				F4D51E641D3B001F00E9E9A6 /* TorrentItem.m in Sources */,
				F4DFBB161CACB26B000F4555 /* DMHYXMLDataManager.m in Sources */,
				F48F8C481BA03705002C96C3 /* TitleTableCellView.m in Sources */,
				F4DFBB191CACBF85000F4555 /* DMHYJSONDataManager.m in Sources */,
				F48CC38D1CA2643200EBEAB7 /* DMHYNotification.m in Sources */,
				F4712E921CA6DFB000BD332D /* FileItem.m in Sources */,
				F4A0373A1D39FD1700183048 /* DMHYSite+CoreDataProperties.m in Sources */,
				F4A0373B1D39FD1700183048 /* DMHYSite.m in Sources */,
				F42DCC461BB26DD9004EC373 /* DMHYKeyword+CoreDataProperties.m in Sources */,
				F41697B81C8D4D1C002521A4 /* WindowController.m in Sources */,
				F4EC473F1C82FECC00EBF0B9 /* DMHYTool.m in Sources */,
				F46EFC121CA054BB00B2E3F3 /* MASPreferencesWindowController.m in Sources */,
				F42DCC471BB26DD9004EC373 /* DMHYKeyword.m in Sources */,
				F483EA1A1BAD92C100D02E60 /* SideViewController.m in Sources */,
				F42DCC451BB26DD9004EC373 /* DMHYTorrent.m in Sources */,
				F45981871D3C60D0009B9C74 /* ImportKeywordViewController.m in Sources */,
				F4DEA05D1BA99890008E89B8 /* PreferenceController.m in Sources */,
				F48F8C2E1BA03643002C96C3 /* main.m in Sources */,
				F48F8C2B1BA03643002C96C3 /* AppDelegate.m in Sources */,
				F42DCC441BB26DD9004EC373 /* DMHYTorrent+CoreDataProperties.m in Sources */,
				F459818A1D3C60F6009B9C74 /* ExportKeywordViewController.m in Sources */,
				F4592BBF1CA16BEA00981DDF /* SitePreferenceController.m in Sources */,
				F483EA1D1BAD9DB200D02E60 /* MainSplitViewController.m in Sources */,
				F42DCC111BB180A4004EC373 /* DMHYCoreDataStackManager.m in Sources */,
				F45981841D3B9200009B9C74 /* AddKeywordViewController.m in Sources */,
				F4A0E3E21CA130A700092C4D /* NSTableView+ContextMenu.m in Sources */,
				F43E8C221CA37E6B0068AF92 /* DMHYDownloader.m in Sources */,
				F48F8C341BA03643002C96C3 /* DMHY.xcdatamodeld in Sources */,
				F4A037341D39D3DF00183048 /* DMHYSiteChecker.m in Sources */,
				F4258FA41CA580D700B4DF8D /* SavedDataViewController.m in Sources */,
			);
			runOnlyForDeploymentPostprocessing = 0;
		};
/* End PBXSourcesBuildPhase section */

/* Begin PBXVariantGroup section */
		F48F8C371BA03643002C96C3 /* Main.storyboard */ = {
			isa = PBXVariantGroup;
			children = (
				F48F8C381BA03643002C96C3 /* Base */,
				F44E86101CBFCF5A00384897 /* zh-Hans */,
			);
			name = Main.storyboard;
			sourceTree = "<group>";
		};
/* End PBXVariantGroup section */

/* Begin XCBuildConfiguration section */
		F48F8C3B1BA03643002C96C3 /* Debug */ = {
			isa = XCBuildConfiguration;
			buildSettings = {
				ALWAYS_SEARCH_USER_PATHS = NO;
				CLANG_CXX_LANGUAGE_STANDARD = "gnu++0x";
				CLANG_CXX_LIBRARY = "libc++";
				CLANG_ENABLE_MODULES = YES;
				CLANG_ENABLE_OBJC_ARC = YES;
				CLANG_WARN_BOOL_CONVERSION = YES;
				CLANG_WARN_CONSTANT_CONVERSION = YES;
				CLANG_WARN_DIRECT_OBJC_ISA_USAGE = YES_ERROR;
				CLANG_WARN_EMPTY_BODY = YES;
				CLANG_WARN_ENUM_CONVERSION = YES;
				CLANG_WARN_INT_CONVERSION = YES;
				CLANG_WARN_OBJC_ROOT_CLASS = YES_ERROR;
				CLANG_WARN_UNREACHABLE_CODE = YES;
				CLANG_WARN__DUPLICATE_METHOD_MATCH = YES;
				CODE_SIGN_IDENTITY = "-";
				COPY_PHASE_STRIP = NO;
				DEBUG_INFORMATION_FORMAT = dwarf;
				ENABLE_STRICT_OBJC_MSGSEND = YES;
				ENABLE_TESTABILITY = YES;
				GCC_C_LANGUAGE_STANDARD = gnu99;
				GCC_DYNAMIC_NO_PIC = NO;
				GCC_NO_COMMON_BLOCKS = YES;
				GCC_OPTIMIZATION_LEVEL = 0;
				GCC_PREPROCESSOR_DEFINITIONS = (
					"DEBUG=1",
					"$(inherited)",
				);
				GCC_WARN_64_TO_32_BIT_CONVERSION = YES;
				GCC_WARN_ABOUT_RETURN_TYPE = YES_ERROR;
				GCC_WARN_UNDECLARED_SELECTOR = YES;
				GCC_WARN_UNINITIALIZED_AUTOS = YES_AGGRESSIVE;
				GCC_WARN_UNUSED_FUNCTION = YES;
				GCC_WARN_UNUSED_VARIABLE = YES;
				MACOSX_DEPLOYMENT_TARGET = 10.10;
				MTL_ENABLE_DEBUG_INFO = YES;
				ONLY_ACTIVE_ARCH = YES;
				SDKROOT = macosx;
				SKIP_INSTALL = YES;
			};
			name = Debug;
		};
		F48F8C3C1BA03643002C96C3 /* Release */ = {
			isa = XCBuildConfiguration;
			buildSettings = {
				ALWAYS_SEARCH_USER_PATHS = NO;
				CLANG_CXX_LANGUAGE_STANDARD = "gnu++0x";
				CLANG_CXX_LIBRARY = "libc++";
				CLANG_ENABLE_MODULES = YES;
				CLANG_ENABLE_OBJC_ARC = YES;
				CLANG_WARN_BOOL_CONVERSION = YES;
				CLANG_WARN_CONSTANT_CONVERSION = YES;
				CLANG_WARN_DIRECT_OBJC_ISA_USAGE = YES_ERROR;
				CLANG_WARN_EMPTY_BODY = YES;
				CLANG_WARN_ENUM_CONVERSION = YES;
				CLANG_WARN_INT_CONVERSION = YES;
				CLANG_WARN_OBJC_ROOT_CLASS = YES_ERROR;
				CLANG_WARN_UNREACHABLE_CODE = YES;
				CLANG_WARN__DUPLICATE_METHOD_MATCH = YES;
				CODE_SIGN_IDENTITY = "-";
				COPY_PHASE_STRIP = NO;
				DEBUG_INFORMATION_FORMAT = "dwarf-with-dsym";
				ENABLE_NS_ASSERTIONS = NO;
				ENABLE_STRICT_OBJC_MSGSEND = YES;
				GCC_C_LANGUAGE_STANDARD = gnu99;
				GCC_NO_COMMON_BLOCKS = YES;
				GCC_WARN_64_TO_32_BIT_CONVERSION = YES;
				GCC_WARN_ABOUT_RETURN_TYPE = YES_ERROR;
				GCC_WARN_UNDECLARED_SELECTOR = YES;
				GCC_WARN_UNINITIALIZED_AUTOS = YES_AGGRESSIVE;
				GCC_WARN_UNUSED_FUNCTION = YES;
				GCC_WARN_UNUSED_VARIABLE = YES;
				MACOSX_DEPLOYMENT_TARGET = 10.10;
				MTL_ENABLE_DEBUG_INFO = NO;
				SDKROOT = macosx;
				SKIP_INSTALL = YES;
			};
			name = Release;
		};
		F48F8C3E1BA03643002C96C3 /* Debug */ = {
			isa = XCBuildConfiguration;
			baseConfigurationReference = 9F7ED7A7CAA64C992577D80D /* Pods-DMHY.debug.xcconfig */;
			buildSettings = {
				ASSETCATALOG_COMPILER_APPICON_NAME = AppIcon;
				CODE_SIGN_ENTITLEMENTS = DMHY/DMHY.entitlements;
				CODE_SIGN_IDENTITY = "Apple Development";
				CODE_SIGN_STYLE = Automatic;
				COMBINE_HIDPI_IMAGES = YES;
				CURRENT_PROJECT_VERSION = 20210124;
				DEVELOPMENT_TEAM = 2RX98WKS48;
				ENABLE_HARDENED_RUNTIME = YES;
				INFOPLIST_FILE = DMHY/Info.plist;
				LD_RUNPATH_SEARCH_PATHS = "$(inherited) @executable_path/../Frameworks";
				MACOSX_DEPLOYMENT_TARGET = 10.10;
				MARKETING_VERSION = 2.1;
				PRODUCT_BUNDLE_IDENTIFIER = com.yaqinking.DMHY;
				PRODUCT_NAME = "$(TARGET_NAME)";
				PROVISIONING_PROFILE_SPECIFIER = "";
				SKIP_INSTALL = NO;
			};
			name = Debug;
		};
		F48F8C3F1BA03643002C96C3 /* Release */ = {
			isa = XCBuildConfiguration;
			baseConfigurationReference = FA4A8013B89A57AC2CB71310 /* Pods-DMHY.release.xcconfig */;
			buildSettings = {
				ASSETCATALOG_COMPILER_APPICON_NAME = AppIcon;
				CODE_SIGN_ENTITLEMENTS = DMHY/DMHY.entitlements;
				CODE_SIGN_IDENTITY = "Apple Development";
				CODE_SIGN_STYLE = Automatic;
				COMBINE_HIDPI_IMAGES = YES;
				CURRENT_PROJECT_VERSION = 20210124;
				DEVELOPMENT_TEAM = 2RX98WKS48;
				ENABLE_HARDENED_RUNTIME = YES;
				INFOPLIST_FILE = DMHY/Info.plist;
				LD_RUNPATH_SEARCH_PATHS = "$(inherited) @executable_path/../Frameworks";
				MACOSX_DEPLOYMENT_TARGET = 10.10;
				MARKETING_VERSION = 2.1;
				PRODUCT_BUNDLE_IDENTIFIER = com.yaqinking.DMHY;
				PRODUCT_NAME = "$(TARGET_NAME)";
				PROVISIONING_PROFILE_SPECIFIER = "";
				SKIP_INSTALL = NO;
			};
			name = Release;
		};
/* End XCBuildConfiguration section */

/* Begin XCConfigurationList section */
		F48F8C211BA03643002C96C3 /* Build configuration list for PBXProject "DMHY" */ = {
			isa = XCConfigurationList;
			buildConfigurations = (
				F48F8C3B1BA03643002C96C3 /* Debug */,
				F48F8C3C1BA03643002C96C3 /* Release */,
			);
			defaultConfigurationIsVisible = 0;
			defaultConfigurationName = Release;
		};
		F48F8C3D1BA03643002C96C3 /* Build configuration list for PBXNativeTarget "DMHY" */ = {
			isa = XCConfigurationList;
			buildConfigurations = (
				F48F8C3E1BA03643002C96C3 /* Debug */,
				F48F8C3F1BA03643002C96C3 /* Release */,
			);
			defaultConfigurationIsVisible = 0;
			defaultConfigurationName = Release;
		};
/* End XCConfigurationList section */

/* Begin XCVersionGroup section */
		F48F8C321BA03643002C96C3 /* DMHY.xcdatamodeld */ = {
			isa = XCVersionGroup;
			children = (
				F4A037351D39EC2E00183048 /* DMHY v4.xcdatamodel */,
				F4AC86631C82D8B500C420F2 /* DMHY v3.xcdatamodel */,
				F4AC86621C82A6BA00C420F2 /* DMHY v2.xcdatamodel */,
				F48F8C331BA03643002C96C3 /* DMHY.xcdatamodel */,
			);
			currentVersion = F4A037351D39EC2E00183048 /* DMHY v4.xcdatamodel */;
			path = DMHY.xcdatamodeld;
			sourceTree = "<group>";
			versionGroupType = wrapper.xcdatamodel;
		};
/* End XCVersionGroup section */
	};
	rootObject = F48F8C1E1BA03643002C96C3 /* Project object */;
}
